
Microsoft Visual Studio Solution File, Format Version 12.00
# Visual Studio Version 17
VisualStudioVersion = 17.6.33815.320
MinimumVisualStudioVersion = 10.0.40219.1
Project("{8BC9CEB8-8B4A-11D0-8D11-00A0C91BC942}") = "payload", "payload\payload.vcxproj", "{300537B1-6233-47EA-BAFB-F66E24A26373}"
EndProject
Project("{8BC9CEB8-8B4A-11D0-8D11-00A0C91BC942}") = "loader", "loader\loader.vcxproj", "{47A25010-E7D8-4630-8A6D-76778C8EB6F2}"
EndProject
Project("{8BC9CEB8-8B4A-11D0-8D11-00A0C91BC942}") = "unpacker", "unpacker\unpacker.vcxproj", "{E961312C-2568-49C1-8FC2-21D5CCF46256}"
EndProject
Global
	GlobalSection(SolutionConfigurationPlatforms) = preSolution
		Debug|x64 = Debug|x64
		Debug|x86 = Debug|x86
		DebugExe|x64 = DebugExe|x64
		DebugExe|x86 = DebugExe|x86
		Release|x64 = Release|x64
		Release|x86 = Release|x86
	EndGlobalSection
	GlobalSection(ProjectConfigurationPlatforms) = postSolution
		{300537B1-6233-47EA-BAFB-F66E24A26373}.Debug|x64.ActiveCfg = Debug|x64
		{300537B1-6233-47EA-BAFB-F66E24A26373}.Debug|x64.Build.0 = Debug|x64
		{300537B1-6233-47EA-BAFB-F66E24A26373}.Debug|x86.ActiveCfg = Debug|Win32
		{300537B1-6233-47EA-BAFB-F66E24A26373}.Debug|x86.Build.0 = Debug|Win32
		{300537B1-6233-47EA-BAFB-F66E24A26373}.DebugExe|x64.ActiveCfg = DebugExe|x64
		{300537B1-6233-47EA-BAFB-F66E24A26373}.DebugExe|x64.Build.0 = DebugExe|x64
		{300537B1-6233-47EA-BAFB-F66E24A26373}.DebugExe|x86.ActiveCfg = DebugExe|Win32
		{300537B1-6233-47EA-BAFB-F66E24A26373}.DebugExe|x86.Build.0 = DebugExe|Win32
		{300537B1-6233-47EA-BAFB-F66E24A26373}.Release|x64.ActiveCfg = Release|x64
		{300537B1-6233-47EA-BAFB-F66E24A26373}.Release|x64.Build.0 = Release|x64
		{300537B1-6233-47EA-BAFB-F66E24A26373}.Release|x86.ActiveCfg = Release|Win32
		{300537B1-6233-47EA-BAFB-F66E24A26373}.Release|x86.Build.0 = Release|Win32
		{47A25010-E7D8-4630-8A6D-76778C8EB6F2}.Debug|x64.ActiveCfg = Debug|x64
		{47A25010-E7D8-4630-8A6D-76778C8EB6F2}.Debug|x64.Build.0 = Debug|x64
		{47A25010-E7D8-4630-8A6D-76778C8EB6F2}.Debug|x86.ActiveCfg = Debug|Win32
		{47A25010-E7D8-4630-8A6D-76778C8EB6F2}.Debug|x86.Build.0 = Debug|Win32
		{47A25010-E7D8-4630-8A6D-76778C8EB6F2}.DebugExe|x64.ActiveCfg = DebugExe|x64
		{47A25010-E7D8-4630-8A6D-76778C8EB6F2}.DebugExe|x64.Build.0 = DebugExe|x64
		{47A25010-E7D8-4630-8A6D-76778C8EB6F2}.DebugExe|x86.ActiveCfg = DebugExe|Win32
		{47A25010-E7D8-4630-8A6D-76778C8EB6F2}.DebugExe|x86.Build.0 = DebugExe|Win32
		{47A25010-E7D8-4630-8A6D-76778C8EB6F2}.Release|x64.ActiveCfg = Release|x64
		{47A25010-E7D8-4630-8A6D-76778C8EB6F2}.Release|x64.Build.0 = Release|x64
		{47A25010-E7D8-4630-8A6D-76778C8EB6F2}.Release|x86.ActiveCfg = Release|Win32
		{47A25010-E7D8-4630-8A6D-76778C8EB6F2}.Release|x86.Build.0 = Release|Win32
		{E961312C-2568-49C1-8FC2-21D5CCF46256}.Debug|x64.ActiveCfg = Debug|x64
		{E961312C-2568-49C1-8FC2-21D5CCF46256}.Debug|x64.Build.0 = Debug|x64
		{E961312C-2568-49C1-8FC2-21D5CCF46256}.Debug|x86.ActiveCfg = Debug|Win32
		{E961312C-2568-49C1-8FC2-21D5CCF46256}.Debug|x86.Build.0 = Debug|Win32
		{E961312C-2568-49C1-8FC2-21D5CCF46256}.DebugExe|x64.ActiveCfg = Debug|x64
		{E961312C-2568-49C1-8FC2-21D5CCF46256}.DebugExe|x64.Build.0 = Debug|x64
		{E961312C-2568-49C1-8FC2-21D5CCF46256}.DebugExe|x86.ActiveCfg = Debug|Win32
		{E961312C-2568-49C1-8FC2-21D5CCF46256}.DebugExe|x86.Build.0 = Debug|Win32
		{E961312C-2568-49C1-8FC2-21D5CCF46256}.Release|x64.ActiveCfg = Release|x64
		{E961312C-2568-49C1-8FC2-21D5CCF46256}.Release|x64.Build.0 = Release|x64
		{E961312C-2568-49C1-8FC2-21D5CCF46256}.Release|x86.ActiveCfg = Release|Win32
		{E961312C-2568-49C1-8FC2-21D5CCF46256}.Release|x86.Build.0 = Release|Win32
	EndGlobalSection
	GlobalSection(SolutionProperties) = preSolution
		HideSolutionNode = FALSE
	EndGlobalSection
	GlobalSection(ExtensibilityGlobals) = postSolution
		SolutionGuid = {BAE24FC4-161C-4A39-BC33-868463AA84C6}
	EndGlobalSection
EndGlobal
